
Microsoft Visual Studio Solution File, Format Version 12.00
# Visual Studio Version 17
VisualStudioVersion = 17.4.33213.308
MinimumVisualStudioVersion = 10.0.40219.1
Project("{FAE04EC0-301F-11D3-BF4B-00C04F79EFBC}") = "Mission2", "Mission2\Mission2.csproj", "{ED0049CE-9A4D-443B-A251-98EBF0981BD3}"
EndProject
Global
	GlobalSection(SolutionConfigurationPlatforms) = preSolution
		Debug|Any CPU = Debug|Any CPU
		Release|Any CPU = Release|Any CPU
	EndGlobalSection
	GlobalSection(ProjectConfigurationPlatforms) = postSolution
		{ED0049CE-9A4D-443B-A251-98EBF0981BD3}.Debug|Any CPU.ActiveCfg = Debug|Any CPU
		{ED0049CE-9A4D-443B-A251-98EBF0981BD3}.Debug|Any CPU.Build.0 = Debug|Any CPU
		{ED0049CE-9A4D-443B-A251-98EBF0981BD3}.Release|Any CPU.ActiveCfg = Release|Any CPU
		{ED0049CE-9A4D-443B-A251-98EBF0981BD3}.Release|Any CPU.Build.0 = Release|Any CPU
	EndGlobalSection
	GlobalSection(SolutionProperties) = preSolution
		HideSolutionNode = FALSE
	EndGlobalSection
	GlobalSection(ExtensibilityGlobals) = postSolution
		SolutionGuid = {F348D145-EBFC-49BA-AE95-8EE9035EB624}
	EndGlobalSection
EndGlobal
